Microsoft Visual Studio Solution File, Format Version 12.00
# Visual Studio 2012
Project("{FAE04EC0-301F-11D3-BF4B-00C04F79EFBC}") = "steam_shooter", "steam_shooter.csproj", "{3ECED7AB-EA9D-4F1E-9197-CAB9CF9B13C6}"
EndProject
Global
	GlobalSection(SolutionConfigurationPlatforms) = preSolution
	Debug|Any CPU = Debug|Any CPU
	ExportDebug|Any CPU = ExportDebug|Any CPU
	ExportRelease|Any CPU = ExportRelease|Any CPU
	EndGlobalSection
	GlobalSection(ProjectConfigurationPlatforms) = postSolution
		{3ECED7AB-EA9D-4F1E-9197-CAB9CF9B13C6}.Debug|Any CPU.ActiveCfg = Debug|Any CPU
		{3ECED7AB-EA9D-4F1E-9197-CAB9CF9B13C6}.Debug|Any CPU.Build.0 = Debug|Any CPU
		{3ECED7AB-EA9D-4F1E-9197-CAB9CF9B13C6}.ExportDebug|Any CPU.ActiveCfg = ExportDebug|Any CPU
		{3ECED7AB-EA9D-4F1E-9197-CAB9CF9B13C6}.ExportDebug|Any CPU.Build.0 = ExportDebug|Any CPU
		{3ECED7AB-EA9D-4F1E-9197-CAB9CF9B13C6}.ExportRelease|Any CPU.ActiveCfg = ExportRelease|Any CPU
		{3ECED7AB-EA9D-4F1E-9197-CAB9CF9B13C6}.ExportRelease|Any CPU.Build.0 = ExportRelease|Any CPU
	EndGlobalSection
EndGlobal
